<Solution>
  <Folder Name="/samples/">
    <Project Path="samples/Billing.Api/Billing.Api.csproj" />
  </Folder>
  <Folder Name="/src/">
    <Project Path="src/Docuconf/Docuconf.csproj" />
  </Folder>
  <Folder Name="/tests/">
    <Project Path="tests/Docuconf.Tests/Docuconf.Tests.csproj" />
  </Folder>
</Solution>
